// !$*UTF8*$!
{
	archiveVersion = 1;
	classes = {
	};
	objectVersion = 50;
	objects = {

/* Begin PBXBuildFile section */
		97E06DA3257BB9AF00DC70D8 /* AppDelegate.swift in Sources */ = {isa = PBXBuildFile; fileRef = 97E06DA2257BB9AF00DC70D8 /* AppDelegate.swift */; };
		97E06DA5257BB9AF00DC70D8 /* SceneDelegate.swift in Sources */ = {isa = PBXBuildFile; fileRef = 97E06DA4257BB9AF00DC70D8 /* SceneDelegate.swift */; };
		97E06DA7257BB9AF00DC70D8 /* ViewController.swift in Sources */ = {isa = PBXBuildFile; fileRef = 97E06DA6257BB9AF00DC70D8 /* ViewController.swift */; };
		97E06DAA257BB9AF00DC70D8 /* Main.storyboard in Resources */ = {isa = PBXBuildFile; fileRef = 97E06DA8257BB9AF00DC70D8 /* Main.storyboard */; };
		97E06DAC257BB9B000DC70D8 /* Assets.xcassets in Resources */ = {isa = PBXBuildFile; fileRef = 97E06DAB257BB9B000DC70D8 /* Assets.xcassets */; };
		97E06DAF257BB9B000DC70D8 /* LaunchScreen.storyboard in Resources */ = {isa = PBXBuildFile; fileRef = 97E06DAD257BB9B000DC70D8 /* LaunchScreen.storyboard */; };
		97E06DBA257BB9B000DC70D8 /* hello_worldTests.swift in Sources */ = {isa = PBXBuildFile; fileRef = 97E06DB9257BB9B000DC70D8 /* hello_worldTests.swift */; };
		97E06DC5257BB9B000DC70D8 /* hello_worldUITests.swift in Sources */ = {isa = PBXBuildFile; fileRef = 97E06DC4257BB9B000DC70D8 /* hello_worldUITests.swift */; };
/* End PBXBuildFile section */

/* Begin PBXContainerItemProxy section */
		97E06DB6257BB9B000DC70D8 /* PBXContainerItemProxy */ = {
			isa = PBXContainerItemProxy;
			containerPortal = 97E06D97257BB9AE00DC70D8 /* Project object */;
			proxyType = 1;
			remoteGlobalIDString = 97E06D9E257BB9AE00DC70D8;
			remoteInfo = "hello world";
		};
		97E06DC1257BB9B000DC70D8 /* PBXContainerItemProxy */ = {
			isa = PBXContainerItemProxy;
			containerPortal = 97E06D97257BB9AE00DC70D8 /* Project object */;
			proxyType = 1;
			remoteGlobalIDString = 97E06D9E257BB9AE00DC70D8;
			remoteInfo = "hello world";
		};
/* End PBXContainerItemProxy section */

/* Begin PBXFileReference section */
		97E06D9F257BB9AE00DC70D8 /* hello world.app */ = {isa = PBXFileReference; explicitFileType = wrapper.application; includeInIndex = 0; path = "hello world.app"; sourceTree = BUILT_PRODUCTS_DIR; };
		97E06DA2257BB9AF00DC70D8 /* AppDelegate.swift */ = {isa = PBXFileReference; lastKnownFileType = sourcecode.swift; path = AppDelegate.swift; sourceTree = "<group>"; };
		97E06DA4257BB9AF00DC70D8 /* SceneDelegate.swift */ = {isa = PBXFileReference; lastKnownFileType = sourcecode.swift; path = SceneDelegate.swift; sourceTree = "<group>"; };
		97E06DA6257BB9AF00DC70D8 /* ViewController.swift */ = {isa = PBXFileReference; lastKnownFileType = sourcecode.swift; path = ViewController.swift; sourceTree = "<group>"; };
		97E06DA9257BB9AF00DC70D8 /* Base */ = {isa = PBXFileReference; lastKnownFileType = file.storyboard; name = Base; path = Base.lproj/Main.storyboard; sourceTree = "<group>"; };
		97E06DAB257BB9B000DC70D8 /* Assets.xcassets */ = {isa = PBXFileReference; lastKnownFileType = folder.assetcatalog; path = Assets.xcassets; sourceTree = "<group>"; };
		97E06DAE257BB9B000DC70D8 /* Base */ = {isa = PBXFileReference; lastKnownFileType = file.storyboard; name = Base; path = Base.lproj/LaunchScreen.storyboard; sourceTree = "<group>"; };
		97E06DB0257BB9B000DC70D8 /* Info.plist */ = {isa = PBXFileReference; lastKnownFileType = text.plist.xml; path = Info.plist; sourceTree = "<group>"; };
		97E06DB5257BB9B000DC70D8 /* hello worldTests.xctest */ = {isa = PBXFileReference; explicitFileType = wrapper.cfbundle; includeInIndex = 0; path = "hello worldTests.xctest"; sourceTree = BUILT_PRODUCTS_DIR; };
		97E06DB9257BB9B000DC70D8 /* hello_worldTests.swift */ = {isa = PBXFileReference; lastKnownFileType = sourcecode.swift; path = hello_worldTests.swift; sourceTree = "<group>"; };
		97E06DBB257BB9B000DC70D8 /* Info.plist */ = {isa = PBXFileReference; lastKnownFileType = text.plist.xml; path = Info.plist; sourceTree = "<group>"; };
		97E06DC0257BB9B000DC70D8 /* hello worldUITests.xctest */ = {isa = PBXFileReference; explicitFileType = wrapper.cfbundle; includeInIndex = 0; path = "hello worldUITests.xctest"; sourceTree = BUILT_PRODUCTS_DIR; };
		97E06DC4257BB9B000DC70D8 /* hello_worldUITests.swift */ = {isa = PBXFileReference; lastKnownFileType = sourcecode.swift; path = hello_worldUITests.swift; sourceTree = "<group>"; };
		97E06DC6257BB9B000DC70D8 /* Info.plist */ = {isa = PBXFileReference; lastKnownFileType = text.plist.xml; path = Info.plist; sourceTree = "<group>"; };
/* End PBXFileReference section */

/* Begin PBXFrameworksBuildPhase section */
		97E06D9C257BB9AE00DC70D8 /* Frameworks */ = {
			isa = PBXFrameworksBuildPhase;
			buildActionMask = 2147483647;
			files = (
			);
			runOnlyForDeploymentPostprocessing = 0;
		};
		97E06DB2257BB9B000DC70D8 /* Frameworks */ = {
			isa = PBXFrameworksBuildPhase;
			buildActionMask = 2147483647;
			files = (
			);
			runOnlyForDeploymentPostprocessing = 0;
		};
		97E06DBD257BB9B000DC70D8 /* Frameworks */ = {
			isa = PBXFrameworksBuildPhase;
			buildActionMask = 2147483647;
			files = (
			);
			runOnlyForDeploymentPostprocessing = 0;
		};
/* End PBXFrameworksBuildPhase section */

/* Begin PBXGroup section */
		97E06D96257BB9AE00DC70D8 = {
			isa = PBXGroup;
			children = (
				97E06DA1257BB9AE00DC70D8 /* hello world */,
				97E06DB8257BB9B000DC70D8 /* hello worldTests */,
				97E06DC3257BB9B000DC70D8 /* hello worldUITests */,
				97E06DA0257BB9AE00DC70D8 /* Products */,
			);
			sourceTree = "<group>";
		};
		97E06DA0257BB9AE00DC70D8 /* Products */ = {
			isa = PBXGroup;
			children = (
				97E06D9F257BB9AE00DC70D8 /* hello world.app */,
				97E06DB5257BB9B000DC70D8 /* hello worldTests.xctest */,
				97E06DC0257BB9B000DC70D8 /* hello worldUITests.xctest */,
			);
			name = Products;
			sourceTree = "<group>";
		};
		97E06DA1257BB9AE00DC70D8 /* hello world */ = {
			isa = PBXGroup;
			children = (
				97E06DA2257BB9AF00DC70D8 /* AppDelegate.swift */,
				97E06DA4257BB9AF00DC70D8 /* SceneDelegate.swift */,
				97E06DA6257BB9AF00DC70D8 /* ViewController.swift */,
				97E06DA8257BB9AF00DC70D8 /* Main.storyboard */,
				97E06DAB257BB9B000DC70D8 /* Assets.xcassets */,
				97E06DAD257BB9B000DC70D8 /* LaunchScreen.storyboard */,
				97E06DB0257BB9B000DC70D8 /* Info.plist */,
			);
			path = "hello world";
			sourceTree = "<group>";
		};
		97E06DB8257BB9B000DC70D8 /* hello worldTests */ = {
			isa = PBXGroup;
			children = (
				97E06DB9257BB9B000DC70D8 /* hello_worldTests.swift */,
				97E06DBB257BB9B000DC70D8 /* Info.plist */,
			);
			path = "hello worldTests";
			sourceTree = "<group>";
		};
		97E06DC3257BB9B000DC70D8 /* hello worldUITests */ = {
			isa = PBXGroup;
			children = (
				97E06DC4257BB9B000DC70D8 /* hello_worldUITests.swift */,
				97E06DC6257BB9B000DC70D8 /* Info.plist */,
			);
			path = "hello worldUITests";
			sourceTree = "<group>";
		};
/* End PBXGroup section */

/* Begin PBXNativeTarget section */
		97E06D9E257BB9AE00DC70D8 /* hello world */ = {
			isa = PBXNativeTarget;
			buildConfigurationList = 97E06DC9257BB9B000DC70D8 /* Build configuration list for PBXNativeTarget "hello world" */;
			buildPhases = (
				97E06D9B257BB9AE00DC70D8 /* Sources */,
				97E06D9C257BB9AE00DC70D8 /* Frameworks */,
				97E06D9D257BB9AE00DC70D8 /* Resources */,
			);
			buildRules = (
			);
			dependencies = (
			);
			name = "hello world";
			productName = "hello world";
			productReference = 97E06D9F257BB9AE00DC70D8 /* hello world.app */;
			productType = "com.apple.product-type.application";
		};
		97E06DB4257BB9B000DC70D8 /* hello worldTests */ = {
			isa = PBXNativeTarget;
			buildConfigurationList = 97E06DCC257BB9B000DC70D8 /* Build configuration list for PBXNativeTarget "hello worldTests" */;
			buildPhases = (
				97E06DB1257BB9B000DC70D8 /* Sources */,
				97E06DB2257BB9B000DC70D8 /* Frameworks */,
				97E06DB3257BB9B000DC70D8 /* Resources */,
			);
			buildRules = (
			);
			dependencies = (
				97E06DB7257BB9B000DC70D8 /* PBXTargetDependency */,
			);
			name = "hello worldTests";
			productName = "hello worldTests";
			productReference = 97E06DB5257BB9B000DC70D8 /* hello worldTests.xctest */;
			productType = "com.apple.product-type.bundle.unit-test";
		};
		97E06DBF257BB9B000DC70D8 /* hello worldUITests */ = {
			isa = PBXNativeTarget;
			buildConfigurationList = 97E06DCF257BB9B000DC70D8 /* Build configuration list for PBXNativeTarget "hello worldUITests" */;
			buildPhases = (
				97E06DBC257BB9B000DC70D8 /* Sources */,
				97E06DBD257BB9B000DC70D8 /* Frameworks */,
				97E06DBE257BB9B000DC70D8 /* Resources */,
			);
			buildRules = (
			);
			dependencies = (
				97E06DC2257BB9B000DC70D8 /* PBXTargetDependency */,
			);
			name = "hello worldUITests";
			productName = "hello worldUITests";
			productReference = 97E06DC0257BB9B000DC70D8 /* hello worldUITests.xctest */;
			productType = "com.apple.product-type.bundle.ui-testing";
		};
/* End PBXNativeTarget section */

/* Begin PBXProject section */
		97E06D97257BB9AE00DC70D8 /* Project object */ = {
			isa = PBXProject;
			attributes = {
				LastSwiftUpdateCheck = 1210;
				LastUpgradeCheck = 1210;
				TargetAttributes = {
					97E06D9E257BB9AE00DC70D8 = {
						CreatedOnToolsVersion = 12.1;
					};
					97E06DB4257BB9B000DC70D8 = {
						CreatedOnToolsVersion = 12.1;
						TestTargetID = 97E06D9E257BB9AE00DC70D8;
					};
					97E06DBF257BB9B000DC70D8 = {
						CreatedOnToolsVersion = 12.1;
						TestTargetID = 97E06D9E257BB9AE00DC70D8;
					};
				};
			};
			buildConfigurationList = 97E06D9A257BB9AE00DC70D8 /* Build configuration list for PBXProject "hello world" */;
			compatibilityVersion = "Xcode 9.3";
			developmentRegion = en;
			hasScannedForEncodings = 0;
			knownRegions = (
				en,
				Base,
			);
			mainGroup = 97E06D96257BB9AE00DC70D8;
			productRefGroup = 97E06DA0257BB9AE00DC70D8 /* Products */;
			projectDirPath = "";
			projectRoot = "";
			targets = (
				97E06D9E257BB9AE00DC70D8 /* hello world */,
				97E06DB4257BB9B000DC70D8 /* hello worldTests */,
				97E06DBF257BB9B000DC70D8 /* hello worldUITests */,
			);
		};
/* End PBXProject section */

/* Begin PBXResourcesBuildPhase section */
		97E06D9D257BB9AE00DC70D8 /* Resources */ = {
			isa = PBXResourcesBuildPhase;
			buildActionMask = 2147483647;
			files = (
				97E06DAF257BB9B000DC70D8 /* LaunchScreen.storyboard in Resources */,
				97E06DAC257BB9B000DC70D8 /* Assets.xcassets in Resources */,
				97E06DAA257BB9AF00DC70D8 /* Main.storyboard in Resources */,
			);
			runOnlyForDeploymentPostprocessing = 0;
		};
		97E06DB3257BB9B000DC70D8 /* Resources */ = {
			isa = PBXResourcesBuildPhase;
			buildActionMask = 2147483647;
			files = (
			);
			runOnlyForDeploymentPostprocessing = 0;
		};
		97E06DBE257BB9B000DC70D8 /* Resources */ = {
			isa = PBXResourcesBuildPhase;
			buildActionMask = 2147483647;
			files = (
			);
			runOnlyForDeploymentPostprocessing = 0;
		};
/* End PBXResourcesBuildPhase section */

/* Begin PBXSourcesBuildPhase section */
		97E06D9B257BB9AE00DC70D8 /* Sources */ = {
			isa = PBXSourcesBuildPhase;
			buildActionMask = 2147483647;
			files = (
				97E06DA7257BB9AF00DC70D8 /* ViewController.swift in Sources */,
				97E06DA3257BB9AF00DC70D8 /* AppDelegate.swift in Sources */,
				97E06DA5257BB9AF00DC70D8 /* SceneDelegate.swift in Sources */,
			);
			runOnlyForDeploymentPostprocessing = 0;
		};
		97E06DB1257BB9B000DC70D8 /* Sources */ = {
			isa = PBXSourcesBuildPhase;
			buildActionMask = 2147483647;
			files = (
				97E06DBA257BB9B000DC70D8 /* hello_worldTests.swift in Sources */,
			);
			runOnlyForDeploymentPostprocessing = 0;
		};
		97E06DBC257BB9B000DC70D8 /* Sources */ = {
			isa = PBXSourcesBuildPhase;
			buildActionMask = 2147483647;
			files = (
				97E06DC5257BB9B000DC70D8 /* hello_worldUITests.swift in Sources */,
			);
			runOnlyForDeploymentPostprocessing = 0;
		};
/* End PBXSourcesBuildPhase section */

/* Begin PBXTargetDependency section */
		97E06DB7257BB9B000DC70D8 /* PBXTargetDependency */ = {
			isa = PBXTargetDependency;
			target = 97E06D9E257BB9AE00DC70D8 /* hello world */;
			targetProxy = 97E06DB6257BB9B000DC70D8 /* PBXContainerItemProxy */;
		};
		97E06DC2257BB9B000DC70D8 /* PBXTargetDependency */ = {
			isa = PBXTargetDependency;
			target = 97E06D9E257BB9AE00DC70D8 /* hello world */;
			targetProxy = 97E06DC1257BB9B000DC70D8 /* PBXContainerItemProxy */;
		};
/* End PBXTargetDependency section */

/* Begin PBXVariantGroup section */
		97E06DA8257BB9AF00DC70D8 /* Main.storyboard */ = {
			isa = PBXVariantGroup;
			children = (
				97E06DA9257BB9AF00DC70D8 /* Base */,
			);
			name = Main.storyboard;
			sourceTree = "<group>";
		};
		97E06DAD257BB9B000DC70D8 /* LaunchScreen.storyboard */ = {
			isa = PBXVariantGroup;
			children = (
				97E06DAE257BB9B000DC70D8 /* Base */,
			);
			name = LaunchScreen.storyboard;
			sourceTree = "<group>";
		};
/* End PBXVariantGroup section */

/* Begin XCBuildConfiguration section */
		97E06DC7257BB9B000DC70D8 /* Debug */ = {
			isa = XCBuildConfiguration;
			buildSettings = {
				ALWAYS_SEARCH_USER_PATHS = NO;
				CLANG_ANALYZER_NONNULL = YES;
				CLANG_ANALYZER_NUMBER_OBJECT_CONVERSION = YES_AGGRESSIVE;
				CLANG_CXX_LANGUAGE_STANDARD = "gnu++14";
				CLANG_CXX_LIBRARY = "libc++";
				CLANG_ENABLE_MODULES = YES;
				CLANG_ENABLE_OBJC_ARC = YES;
				CLANG_ENABLE_OBJC_WEAK = YES;
				CLANG_WARN_BLOCK_CAPTURE_AUTORELEASING = YES;
				CLANG_WARN_BOOL_CONVERSION = YES;
				CLANG_WARN_COMMA = YES;
				CLANG_WARN_CONSTANT_CONVERSION = YES;
				CLANG_WARN_DEPRECATED_OBJC_IMPLEMENTATIONS = YES;
				CLANG_WARN_DIRECT_OBJC_ISA_USAGE = YES_ERROR;
				CLANG_WARN_DOCUMENTATION_COMMENTS = YES;
				CLANG_WARN_EMPTY_BODY = YES;
				CLANG_WARN_ENUM_CONVERSION = YES;
				CLANG_WARN_INFINITE_RECURSION = YES;
				CLANG_WARN_INT_CONVERSION = YES;
				CLANG_WARN_NON_LITERAL_NULL_CONVERSION = YES;
				CLANG_WARN_OBJC_IMPLICIT_RETAIN_SELF = YES;
				CLANG_WARN_OBJC_LITERAL_CONVERSION = YES;
				CLANG_WARN_OBJC_ROOT_CLASS = YES_ERROR;
				CLANG_WARN_QUOTED_INCLUDE_IN_FRAMEWORK_HEADER = YES;
				CLANG_WARN_RANGE_LOOP_ANALYSIS = YES;
				CLANG_WARN_STRICT_PROTOTYPES = YES;
				CLANG_WARN_SUSPICIOUS_MOVE = YES;
				CLANG_WARN_UNGUARDED_AVAILABILITY = YES_AGGRESSIVE;
				CLANG_WARN_UNREACHABLE_CODE = YES;
				CLANG_WARN__DUPLICATE_METHOD_MATCH = YES;
				COPY_PHASE_STRIP = NO;
				DEBUG_INFORMATION_FORMAT = dwarf;
				ENABLE_STRICT_OBJC_MSGSEND = YES;
				ENABLE_TESTABILITY = YES;
				GCC_C_LANGUAGE_STANDARD = gnu11;
				GCC_DYNAMIC_NO_PIC = NO;
				GCC_NO_COMMON_BLOCKS = YES;
				GCC_OPTIMIZATION_LEVEL = 0;
				GCC_PREPROCESSOR_DEFINITIONS = (
					"DEBUG=1",
					"$(inherited)",
				);
				GCC_WARN_64_TO_32_BIT_CONVERSION = YES;
				GCC_WARN_ABOUT_RETURN_TYPE = YES_ERROR;
				GCC_WARN_UNDECLARED_SELECTOR = YES;
				GCC_WARN_UNINITIALIZED_AUTOS = YES_AGGRESSIVE;
				GCC_WARN_UNUSED_FUNCTION = YES;
				GCC_WARN_UNUSED_VARIABLE = YES;
				IPHONEOS_DEPLOYMENT_TARGET = 14.1;
				MTL_ENABLE_DEBUG_INFO = INCLUDE_SOURCE;
				MTL_FAST_MATH = YES;
				ONLY_ACTIVE_ARCH = YES;
				SDKROOT = iphoneos;
				SWIFT_ACTIVE_COMPILATION_CONDITIONS = DEBUG;
				SWIFT_OPTIMIZATION_LEVEL = "-Onone";
			};
			name = Debug;
		};
		97E06DC8257BB9B000DC70D8 /* Release */ = {
			isa = XCBuildConfiguration;
			buildSettings = {
				ALWAYS_SEARCH_USER_PATHS = NO;
				CLANG_ANALYZER_NONNULL = YES;
				CLANG_ANALYZER_NUMBER_OBJECT_CONVERSION = YES_AGGRESSIVE;
				CLANG_CXX_LANGUAGE_STANDARD = "gnu++14";
				CLANG_CXX_LIBRARY = "libc++";
				CLANG_ENABLE_MODULES = YES;
				CLANG_ENABLE_OBJC_ARC = YES;
				CLANG_ENABLE_OBJC_WEAK = YES;
				CLANG_WARN_BLOCK_CAPTURE_AUTORELEASING = YES;
				CLANG_WARN_BOOL_CONVERSION = YES;
				CLANG_WARN_COMMA = YES;
				CLANG_WARN_CONSTANT_CONVERSION = YES;
				CLANG_WARN_DEPRECATED_OBJC_IMPLEMENTATIONS = YES;
				CLANG_WARN_DIRECT_OBJC_ISA_USAGE = YES_ERROR;
				CLANG_WARN_DOCUMENTATION_COMMENTS = YES;
				CLANG_WARN_EMPTY_BODY = YES;
				CLANG_WARN_ENUM_CONVERSION = YES;
				CLANG_WARN_INFINITE_RECURSION = YES;
				CLANG_WARN_INT_CONVERSION = YES;
				CLANG_WARN_NON_LITERAL_NULL_CONVERSION = YES;
				CLANG_WARN_OBJC_IMPLICIT_RETAIN_SELF = YES;
				CLANG_WARN_OBJC_LITERAL_CONVERSION = YES;
				CLANG_WARN_OBJC_ROOT_CLASS = YES_ERROR;
				CLANG_WARN_QUOTED_INCLUDE_IN_FRAMEWORK_HEADER = YES;
				CLANG_WARN_RANGE_LOOP_ANALYSIS = YES;
				CLANG_WARN_STRICT_PROTOTYPES = YES;
				CLANG_WARN_SUSPICIOUS_MOVE = YES;
				CLANG_WARN_UNGUARDED_AVAILABILITY = YES_AGGRESSIVE;
				CLANG_WARN_UNREACHABLE_CODE = YES;
				CLANG_WARN__DUPLICATE_METHOD_MATCH = YES;
				COPY_PHASE_STRIP = NO;
				DEBUG_INFORMATION_FORMAT = "dwarf-with-dsym";
				ENABLE_NS_ASSERTIONS = NO;
				ENABLE_STRICT_OBJC_MSGSEND = YES;
				GCC_C_LANGUAGE_STANDARD = gnu11;
				GCC_NO_COMMON_BLOCKS = YES;
				GCC_WARN_64_TO_32_BIT_CONVERSION = YES;
				GCC_WARN_ABOUT_RETURN_TYPE = YES_ERROR;
				GCC_WARN_UNDECLARED_SELECTOR = YES;
				GCC_WARN_UNINITIALIZED_AUTOS = YES_AGGRESSIVE;
				GCC_WARN_UNUSED_FUNCTION = YES;
				GCC_WARN_UNUSED_VARIABLE = YES;
				IPHONEOS_DEPLOYMENT_TARGET = 14.1;
				MTL_ENABLE_DEBUG_INFO = NO;
				MTL_FAST_MATH = YES;
				SDKROOT = iphoneos;
				SWIFT_COMPILATION_MODE = wholemodule;
				SWIFT_OPTIMIZATION_LEVEL = "-O";
				VALIDATE_PRODUCT = YES;
			};
			name = Release;
		};
		97E06DCA257BB9B000DC70D8 /* Debug */ = {
			isa = XCBuildConfiguration;
			buildSettings = {
				ASSETCATALOG_COMPILER_APPICON_NAME = AppIcon;
				ASSETCATALOG_COMPILER_GLOBAL_ACCENT_COLOR_NAME = AccentColor;
				CODE_SIGN_STYLE = Automatic;
				INFOPLIST_FILE = "hello world/Info.plist";
				LD_RUNPATH_SEARCH_PATHS = (
					"$(inherited)",
					"@executable_path/Frameworks",
				);
				PRODUCT_BUNDLE_IDENTIFIER = "gavin-guo.hello-world";
				PRODUCT_NAME = "$(TARGET_NAME)";
				SWIFT_VERSION = 5.0;
				TARGETED_DEVICE_FAMILY = "1,2";
			};
			name = Debug;
		};
		97E06DCB257BB9B000DC70D8 /* Release */ = {
			isa = XCBuildConfiguration;
			buildSettings = {
				ASSETCATALOG_COMPILER_APPICON_NAME = AppIcon;
				ASSETCATALOG_COMPILER_GLOBAL_ACCENT_COLOR_NAME = AccentColor;
				CODE_SIGN_STYLE = Automatic;
				INFOPLIST_FILE = "hello world/Info.plist";
				LD_RUNPATH_SEARCH_PATHS = (
					"$(inherited)",
					"@executable_path/Frameworks",
				);
				PRODUCT_BUNDLE_IDENTIFIER = "gavin-guo.hello-world";
				PRODUCT_NAME = "$(TARGET_NAME)";
				SWIFT_VERSION = 5.0;
				TARGETED_DEVICE_FAMILY = "1,2";
			};
			name = Release;
		};
		97E06DCD257BB9B000DC70D8 /* Debug */ = {
			isa = XCBuildConfiguration;
			buildSettings = {
				ALWAYS_EMBED_SWIFT_STANDARD_LIBRARIES = YES;
				BUNDLE_LOADER = "$(TEST_HOST)";
				CODE_SIGN_STYLE = Automatic;
				INFOPLIST_FILE = "hello worldTests/Info.plist";
				IPHONEOS_DEPLOYMENT_TARGET = 14.1;
				LD_RUNPATH_SEARCH_PATHS = (
					"$(inherited)",
					"@executable_path/Frameworks",
					"@loader_path/Frameworks",
				);
				PRODUCT_BUNDLE_IDENTIFIER = "gavin-guo.hello-worldTests";
				PRODUCT_NAME = "$(TARGET_NAME)";
				SWIFT_VERSION = 5.0;
				TARGETED_DEVICE_FAMILY = "1,2";
				TEST_HOST = "$(BUILT_PRODUCTS_DIR)/hello world.app/hello world";
			};
			name = Debug;
		};
		97E06DCE257BB9B000DC70D8 /* Release */ = {
			isa = XCBuildConfiguration;
			buildSettings = {
				ALWAYS_EMBED_SWIFT_STANDARD_LIBRARIES = YES;
				BUNDLE_LOADER = "$(TEST_HOST)";
				CODE_SIGN_STYLE = Automatic;
				INFOPLIST_FILE = "hello worldTests/Info.plist";
				IPHONEOS_DEPLOYMENT_TARGET = 14.1;
				LD_RUNPATH_SEARCH_PATHS = (
					"$(inherited)",
					"@executable_path/Frameworks",
					"@loader_path/Frameworks",
				);
				PRODUCT_BUNDLE_IDENTIFIER = "gavin-guo.hello-worldTests";
				PRODUCT_NAME = "$(TARGET_NAME)";
				SWIFT_VERSION = 5.0;
				TARGETED_DEVICE_FAMILY = "1,2";
				TEST_HOST = "$(BUILT_PRODUCTS_DIR)/hello world.app/hello world";
			};
			name = Release;
		};
		97E06DD0257BB9B000DC70D8 /* Debug */ = {
			isa = XCBuildConfiguration;
			buildSettings = {
				ALWAYS_EMBED_SWIFT_STANDARD_LIBRARIES = YES;
				CODE_SIGN_STYLE = Automatic;
				INFOPLIST_FILE = "hello worldUITests/Info.plist";
				LD_RUNPATH_SEARCH_PATHS = (
					"$(inherited)",
					"@executable_path/Frameworks",
					"@loader_path/Frameworks",
				);
				PRODUCT_BUNDLE_IDENTIFIER = "gavin-guo.hello-worldUITests";
				PRODUCT_NAME = "$(TARGET_NAME)";
				SWIFT_VERSION = 5.0;
				TARGETED_DEVICE_FAMILY = "1,2";
				TEST_TARGET_NAME = "hello world";
			};
			name = Debug;
		};
		97E06DD1257BB9B000DC70D8 /* Release */ = {
			isa = XCBuildConfiguration;
			buildSettings = {
				ALWAYS_EMBED_SWIFT_STANDARD_LIBRARIES = YES;
				CODE_SIGN_STYLE = Automatic;
				INFOPLIST_FILE = "hello worldUITests/Info.plist";
				LD_RUNPATH_SEARCH_PATHS = (
					"$(inherited)",
					"@executable_path/Frameworks",
					"@loader_path/Frameworks",
				);
				PRODUCT_BUNDLE_IDENTIFIER = "gavin-guo.hello-worldUITests";
				PRODUCT_NAME = "$(TARGET_NAME)";
				SWIFT_VERSION = 5.0;
				TARGETED_DEVICE_FAMILY = "1,2";
				TEST_TARGET_NAME = "hello world";
			};
			name = Release;
		};
/* End XCBuildConfiguration section */

/* Begin XCConfigurationList section */
		97E06D9A257BB9AE00DC70D8 /* Build configuration list for PBXProject "hello world" */ = {
			isa = XCConfigurationList;
			buildConfigurations = (
				97E06DC7257BB9B000DC70D8 /* Debug */,
				97E06DC8257BB9B000DC70D8 /* Release */,
			);
			defaultConfigurationIsVisible = 0;
			defaultConfigurationName = Release;
		};
		97E06DC9257BB9B000DC70D8 /* Build configuration list for PBXNativeTarget "hello world" */ = {
			isa = XCConfigurationList;
			buildConfigurations = (
				97E06DCA257BB9B000DC70D8 /* Debug */,
				97E06DCB257BB9B000DC70D8 /* Release */,
			);
			defaultConfigurationIsVisible = 0;
			defaultConfigurationName = Release;
		};
		97E06DCC257BB9B000DC70D8 /* Build configuration list for PBXNativeTarget "hello worldTests" */ = {
			isa = XCConfigurationList;
			buildConfigurations = (
				97E06DCD257BB9B000DC70D8 /* Debug */,
				97E06DCE257BB9B000DC70D8 /* Release */,
			);
			defaultConfigurationIsVisible = 0;
			defaultConfigurationName = Release;
		};
		97E06DCF257BB9B000DC70D8 /* Build configuration list for PBXNativeTarget "hello worldUITests" */ = {
			isa = XCConfigurationList;
			buildConfigurations = (
				97E06DD0257BB9B000DC70D8 /* Debug */,
				97E06DD1257BB9B000DC70D8 /* Release */,
			);
			defaultConfigurationIsVisible = 0;
			defaultConfigurationName = Release;
		};
/* End XCConfigurationList section */
	};
	rootObject = 97E06D97257BB9AE00DC70D8 /* Project object */;
}
